
Microsoft Visual Studio Solution File, Format Version 12.00
# Visual Studio Version 16
VisualStudioVersion = 16.0.31702.278
MinimumVisualStudioVersion = 10.0.40219.1
Project("{FAE04EC0-301F-11D3-BF4B-00C04F79EFBC}") = "UC2RegExLastName", "UC2RegExLastName.csproj", "{70B981C5-678F-4085-A70D-CD2A01EE8C58}"
EndProject
Global
	GlobalSection(SolutionConfigurationPlatforms) = preSolution
		Debug|Any CPU = Debug|Any CPU
		Release|Any CPU = Release|Any CPU
	EndGlobalSection
	GlobalSection(ProjectConfigurationPlatforms) = postSolution
		{70B981C5-678F-4085-A70D-CD2A01EE8C58}.Debug|Any CPU.ActiveCfg = Debug|Any CPU
		{70B981C5-678F-4085-A70D-CD2A01EE8C58}.Debug|Any CPU.Build.0 = Debug|Any CPU
		{70B981C5-678F-4085-A70D-CD2A01EE8C58}.Release|Any CPU.ActiveCfg = Release|Any CPU
		{70B981C5-678F-4085-A70D-CD2A01EE8C58}.Release|Any CPU.Build.0 = Release|Any CPU
	EndGlobalSection
	GlobalSection(SolutionProperties) = preSolution
		HideSolutionNode = FALSE
	EndGlobalSection
	GlobalSection(ExtensibilityGlobals) = postSolution
		SolutionGuid = {151C8D28-C448-47C3-9BCA-D2C58006A45C}
	EndGlobalSection
EndGlobal
