
Microsoft Visual Studio Solution File, Format Version 12.00
# Visual Studio Version 16
VisualStudioVersion = 16.0.31702.278
MinimumVisualStudioVersion = 10.0.40219.1
Project("{FAE04EC0-301F-11D3-BF4B-00C04F79EFBC}") = "UC13Lambda", "UC13Lambda.csproj", "{D105E47B-9FF3-42CA-9C92-514106CAB3E7}"
EndProject
Project("{FAE04EC0-301F-11D3-BF4B-00C04F79EFBC}") = "LambdaMStest", "..\LambdaMStest\LambdaMStest.csproj", "{0BF42927-2362-44F7-AB6A-154D3D62CC8D}"
EndProject
Global
	GlobalSection(SolutionConfigurationPlatforms) = preSolution
		Debug|Any CPU = Debug|Any CPU
		Release|Any CPU = Release|Any CPU
	EndGlobalSection
	GlobalSection(ProjectConfigurationPlatforms) = postSolution
		{D105E47B-9FF3-42CA-9C92-514106CAB3E7}.Debug|Any CPU.ActiveCfg = Debug|Any CPU
		{D105E47B-9FF3-42CA-9C92-514106CAB3E7}.Debug|Any CPU.Build.0 = Debug|Any CPU
		{D105E47B-9FF3-42CA-9C92-514106CAB3E7}.Release|Any CPU.ActiveCfg = Release|Any CPU
		{D105E47B-9FF3-42CA-9C92-514106CAB3E7}.Release|Any CPU.Build.0 = Release|Any CPU
		{0BF42927-2362-44F7-AB6A-154D3D62CC8D}.Debug|Any CPU.ActiveCfg = Debug|Any CPU
		{0BF42927-2362-44F7-AB6A-154D3D62CC8D}.Debug|Any CPU.Build.0 = Debug|Any CPU
		{0BF42927-2362-44F7-AB6A-154D3D62CC8D}.Release|Any CPU.ActiveCfg = Release|Any CPU
		{0BF42927-2362-44F7-AB6A-154D3D62CC8D}.Release|Any CPU.Build.0 = Release|Any CPU
	EndGlobalSection
	GlobalSection(SolutionProperties) = preSolution
		HideSolutionNode = FALSE
	EndGlobalSection
	GlobalSection(ExtensibilityGlobals) = postSolution
		SolutionGuid = {F204C1E0-DA1C-4F80-B56A-884C3EC11B69}
	EndGlobalSection
EndGlobal
