
Microsoft Visual Studio Solution File, Format Version 12.00
# Visual Studio Version 16
VisualStudioVersion = 16.0.31702.278
MinimumVisualStudioVersion = 10.0.40219.1
Project("{FAE04EC0-301F-11D3-BF4B-00C04F79EFBC}") = "UC1LFirstName", "UC1LFirstName.csproj", "{C2A81393-242F-4E03-85BC-D291F0734D66}"
EndProject
Global
	GlobalSection(SolutionConfigurationPlatforms) = preSolution
		Debug|Any CPU = Debug|Any CPU
		Release|Any CPU = Release|Any CPU
	EndGlobalSection
	GlobalSection(ProjectConfigurationPlatforms) = postSolution
		{C2A81393-242F-4E03-85BC-D291F0734D66}.Debug|Any CPU.ActiveCfg = Debug|Any CPU
		{C2A81393-242F-4E03-85BC-D291F0734D66}.Debug|Any CPU.Build.0 = Debug|Any CPU
		{C2A81393-242F-4E03-85BC-D291F0734D66}.Release|Any CPU.ActiveCfg = Release|Any CPU
		{C2A81393-242F-4E03-85BC-D291F0734D66}.Release|Any CPU.Build.0 = Release|Any CPU
	EndGlobalSection
	GlobalSection(SolutionProperties) = preSolution
		HideSolutionNode = FALSE
	EndGlobalSection
	GlobalSection(ExtensibilityGlobals) = postSolution
		SolutionGuid = {B375BE98-896B-4608-8994-35AA35152E30}
	EndGlobalSection
EndGlobal
